// !$*UTF8*$!
{
	archiveVersion = 1;
	classes = {
	};
	objectVersion = 46;
	objects = {

/* Begin PBXBuildFile section */
		E5E47E5A1F9FE92D00C74B0D /* AppDelegate.swift in Sources */ = {isa = PBXBuildFile; fileRef = E5E47E591F9FE92D00C74B0D /* AppDelegate.swift */; };
		E5E47E5C1F9FE92D00C74B0D /* FirstViewController.swift in Sources */ = {isa = PBXBuildFile; fileRef = E5E47E5B1F9FE92D00C74B0D /* FirstViewController.swift */; };
		E5E47E5E1F9FE92D00C74B0D /* SecondViewController.swift in Sources */ = {isa = PBXBuildFile; fileRef = E5E47E5D1F9FE92D00C74B0D /* SecondViewController.swift */; };
		E5E47E611F9FE92D00C74B0D /* Main.storyboard in Resources */ = {isa = PBXBuildFile; fileRef = E5E47E5F1F9FE92D00C74B0D /* Main.storyboard */; };
		E5E47E631F9FE92D00C74B0D /* Assets.xcassets in Resources */ = {isa = PBXBuildFile; fileRef = E5E47E621F9FE92D00C74B0D /* Assets.xcassets */; };
		E5E47E661F9FE92D00C74B0D /* LaunchScreen.storyboard in Resources */ = {isa = PBXBuildFile; fileRef = E5E47E641F9FE92D00C74B0D /* LaunchScreen.storyboard */; };
		E5E47E711F9FE92D00C74B0D /* LukerTests.swift in Sources */ = {isa = PBXBuildFile; fileRef = E5E47E701F9FE92D00C74B0D /* LukerTests.swift */; };
		E5E47E7C1F9FE92D00C74B0D /* LukerUITests.swift in Sources */ = {isa = PBXBuildFile; fileRef = E5E47E7B1F9FE92D00C74B0D /* LukerUITests.swift */; };
/* End PBXBuildFile section */

/* Begin PBXContainerItemProxy section */
		E5E47E6D1F9FE92D00C74B0D /* PBXContainerItemProxy */ = {
			isa = PBXContainerItemProxy;
			containerPortal = E5E47E4E1F9FE92D00C74B0D /* Project object */;
			proxyType = 1;
			remoteGlobalIDString = E5E47E551F9FE92D00C74B0D;
			remoteInfo = Luker;
		};
		E5E47E781F9FE92D00C74B0D /* PBXContainerItemProxy */ = {
			isa = PBXContainerItemProxy;
			containerPortal = E5E47E4E1F9FE92D00C74B0D /* Project object */;
			proxyType = 1;
			remoteGlobalIDString = E5E47E551F9FE92D00C74B0D;
			remoteInfo = Luker;
		};
/* End PBXContainerItemProxy section */

/* Begin PBXFileReference section */
		E5E47E561F9FE92D00C74B0D /* Luker.app */ = {isa = PBXFileReference; explicitFileType = wrapper.application; includeInIndex = 0; path = Luker.app; sourceTree = BUILT_PRODUCTS_DIR; };
		E5E47E591F9FE92D00C74B0D /* AppDelegate.swift */ = {isa = PBXFileReference; lastKnownFileType = sourcecode.swift; path = AppDelegate.swift; sourceTree = "<group>"; };
		E5E47E5B1F9FE92D00C74B0D /* FirstViewController.swift */ = {isa = PBXFileReference; lastKnownFileType = sourcecode.swift; path = FirstViewController.swift; sourceTree = "<group>"; };
		E5E47E5D1F9FE92D00C74B0D /* SecondViewController.swift */ = {isa = PBXFileReference; lastKnownFileType = sourcecode.swift; path = SecondViewController.swift; sourceTree = "<group>"; };
		E5E47E601F9FE92D00C74B0D /* Base */ = {isa = PBXFileReference; lastKnownFileType = file.storyboard; name = Base; path = Base.lproj/Main.storyboard; sourceTree = "<group>"; };
		E5E47E621F9FE92D00C74B0D /* Assets.xcassets */ = {isa = PBXFileReference; lastKnownFileType = folder.assetcatalog; path = Assets.xcassets; sourceTree = "<group>"; };
		E5E47E651F9FE92D00C74B0D /* Base */ = {isa = PBXFileReference; lastKnownFileType = file.storyboard; name = Base; path = Base.lproj/LaunchScreen.storyboard; sourceTree = "<group>"; };
		E5E47E671F9FE92D00C74B0D /* Info.plist */ = {isa = PBXFileReference; lastKnownFileType = text.plist.xml; path = Info.plist; sourceTree = "<group>"; };
		E5E47E6C1F9FE92D00C74B0D /* LukerTests.xctest */ = {isa = PBXFileReference; explicitFileType = wrapper.cfbundle; includeInIndex = 0; path = LukerTests.xctest; sourceTree = BUILT_PRODUCTS_DIR; };
		E5E47E701F9FE92D00C74B0D /* LukerTests.swift */ = {isa = PBXFileReference; lastKnownFileType = sourcecode.swift; path = LukerTests.swift; sourceTree = "<group>"; };
		E5E47E721F9FE92D00C74B0D /* Info.plist */ = {isa = PBXFileReference; lastKnownFileType = text.plist.xml; path = Info.plist; sourceTree = "<group>"; };
		E5E47E771F9FE92D00C74B0D /* LukerUITests.xctest */ = {isa = PBXFileReference; explicitFileType = wrapper.cfbundle; includeInIndex = 0; path = LukerUITests.xctest; sourceTree = BUILT_PRODUCTS_DIR; };
		E5E47E7B1F9FE92D00C74B0D /* LukerUITests.swift */ = {isa = PBXFileReference; lastKnownFileType = sourcecode.swift; path = LukerUITests.swift; sourceTree = "<group>"; };
		E5E47E7D1F9FE92D00C74B0D /* Info.plist */ = {isa = PBXFileReference; lastKnownFileType = text.plist.xml; path = Info.plist; sourceTree = "<group>"; };
/* End PBXFileReference section */

/* Begin PBXFrameworksBuildPhase section */
		E5E47E531F9FE92D00C74B0D /* Frameworks */ = {
			isa = PBXFrameworksBuildPhase;
			buildActionMask = 2147483647;
			files = (
			);
			runOnlyForDeploymentPostprocessing = 0;
		};
		E5E47E691F9FE92D00C74B0D /* Frameworks */ = {
			isa = PBXFrameworksBuildPhase;
			buildActionMask = 2147483647;
			files = (
			);
			runOnlyForDeploymentPostprocessing = 0;
		};
		E5E47E741F9FE92D00C74B0D /* Frameworks */ = {
			isa = PBXFrameworksBuildPhase;
			buildActionMask = 2147483647;
			files = (
			);
			runOnlyForDeploymentPostprocessing = 0;
		};
/* End PBXFrameworksBuildPhase section */

/* Begin PBXGroup section */
		E5E47E4D1F9FE92D00C74B0D = {
			isa = PBXGroup;
			children = (
				E5E47E581F9FE92D00C74B0D /* Luker */,
				E5E47E6F1F9FE92D00C74B0D /* LukerTests */,
				E5E47E7A1F9FE92D00C74B0D /* LukerUITests */,
				E5E47E571F9FE92D00C74B0D /* Products */,
			);
			sourceTree = "<group>";
		};
		E5E47E571F9FE92D00C74B0D /* Products */ = {
			isa = PBXGroup;
			children = (
				E5E47E561F9FE92D00C74B0D /* Luker.app */,
				E5E47E6C1F9FE92D00C74B0D /* LukerTests.xctest */,
				E5E47E771F9FE92D00C74B0D /* LukerUITests.xctest */,
			);
			name = Products;
			sourceTree = "<group>";
		};
		E5E47E581F9FE92D00C74B0D /* Luker */ = {
			isa = PBXGroup;
			children = (
				E5E47E591F9FE92D00C74B0D /* AppDelegate.swift */,
				E5E47E5B1F9FE92D00C74B0D /* FirstViewController.swift */,
				E5E47E5D1F9FE92D00C74B0D /* SecondViewController.swift */,
				E5E47E5F1F9FE92D00C74B0D /* Main.storyboard */,
				E5E47E621F9FE92D00C74B0D /* Assets.xcassets */,
				E5E47E641F9FE92D00C74B0D /* LaunchScreen.storyboard */,
				E5E47E671F9FE92D00C74B0D /* Info.plist */,
			);
			path = Luker;
			sourceTree = "<group>";
		};
		E5E47E6F1F9FE92D00C74B0D /* LukerTests */ = {
			isa = PBXGroup;
			children = (
				E5E47E701F9FE92D00C74B0D /* LukerTests.swift */,
				E5E47E721F9FE92D00C74B0D /* Info.plist */,
			);
			path = LukerTests;
			sourceTree = "<group>";
		};
		E5E47E7A1F9FE92D00C74B0D /* LukerUITests */ = {
			isa = PBXGroup;
			children = (
				E5E47E7B1F9FE92D00C74B0D /* LukerUITests.swift */,
				E5E47E7D1F9FE92D00C74B0D /* Info.plist */,
			);
			path = LukerUITests;
			sourceTree = "<group>";
		};
/* End PBXGroup section */

/* Begin PBXNativeTarget section */
		E5E47E551F9FE92D00C74B0D /* Luker */ = {
			isa = PBXNativeTarget;
			buildConfigurationList = E5E47E801F9FE92D00C74B0D /* Build configuration list for PBXNativeTarget "Luker" */;
			buildPhases = (
				E5E47E521F9FE92D00C74B0D /* Sources */,
				E5E47E531F9FE92D00C74B0D /* Frameworks */,
				E5E47E541F9FE92D00C74B0D /* Resources */,
			);
			buildRules = (
			);
			dependencies = (
			);
			name = Luker;
			productName = Luker;
			productReference = E5E47E561F9FE92D00C74B0D /* Luker.app */;
			productType = "com.apple.product-type.application";
		};
		E5E47E6B1F9FE92D00C74B0D /* LukerTests */ = {
			isa = PBXNativeTarget;
			buildConfigurationList = E5E47E831F9FE92D00C74B0D /* Build configuration list for PBXNativeTarget "LukerTests" */;
			buildPhases = (
				E5E47E681F9FE92D00C74B0D /* Sources */,
				E5E47E691F9FE92D00C74B0D /* Frameworks */,
				E5E47E6A1F9FE92D00C74B0D /* Resources */,
			);
			buildRules = (
			);
			dependencies = (
				E5E47E6E1F9FE92D00C74B0D /* PBXTargetDependency */,
			);
			name = LukerTests;
			productName = LukerTests;
			productReference = E5E47E6C1F9FE92D00C74B0D /* LukerTests.xctest */;
			productType = "com.apple.product-type.bundle.unit-test";
		};
		E5E47E761F9FE92D00C74B0D /* LukerUITests */ = {
			isa = PBXNativeTarget;
			buildConfigurationList = E5E47E861F9FE92D00C74B0D /* Build configuration list for PBXNativeTarget "LukerUITests" */;
			buildPhases = (
				E5E47E731F9FE92D00C74B0D /* Sources */,
				E5E47E741F9FE92D00C74B0D /* Frameworks */,
				E5E47E751F9FE92D00C74B0D /* Resources */,
			);
			buildRules = (
			);
			dependencies = (
				E5E47E791F9FE92D00C74B0D /* PBXTargetDependency */,
			);
			name = LukerUITests;
			productName = LukerUITests;
			productReference = E5E47E771F9FE92D00C74B0D /* LukerUITests.xctest */;
			productType = "com.apple.product-type.bundle.ui-testing";
		};
/* End PBXNativeTarget section */

/* Begin PBXProject section */
		E5E47E4E1F9FE92D00C74B0D /* Project object */ = {
			isa = PBXProject;
			attributes = {
				LastSwiftUpdateCheck = 0820;
				LastUpgradeCheck = 0820;
				ORGANIZATIONNAME = "Mo Li";
				TargetAttributes = {
					E5E47E551F9FE92D00C74B0D = {
						CreatedOnToolsVersion = 8.2.1;
						ProvisioningStyle = Automatic;
					};
					E5E47E6B1F9FE92D00C74B0D = {
						CreatedOnToolsVersion = 8.2.1;
						ProvisioningStyle = Automatic;
						TestTargetID = E5E47E551F9FE92D00C74B0D;
					};
					E5E47E761F9FE92D00C74B0D = {
						CreatedOnToolsVersion = 8.2.1;
						ProvisioningStyle = Automatic;
						TestTargetID = E5E47E551F9FE92D00C74B0D;
					};
				};
			};
			buildConfigurationList = E5E47E511F9FE92D00C74B0D /* Build configuration list for PBXProject "Luker" */;
			compatibilityVersion = "Xcode 3.2";
			developmentRegion = English;
			hasScannedForEncodings = 0;
			knownRegions = (
				en,
				Base,
			);
			mainGroup = E5E47E4D1F9FE92D00C74B0D;
			productRefGroup = E5E47E571F9FE92D00C74B0D /* Products */;
			projectDirPath = "";
			projectRoot = "";
			targets = (
				E5E47E551F9FE92D00C74B0D /* Luker */,
				E5E47E6B1F9FE92D00C74B0D /* LukerTests */,
				E5E47E761F9FE92D00C74B0D /* LukerUITests */,
			);
		};
/* End PBXProject section */

/* Begin PBXResourcesBuildPhase section */
		E5E47E541F9FE92D00C74B0D /* Resources */ = {
			isa = PBXResourcesBuildPhase;
			buildActionMask = 2147483647;
			files = (
				E5E47E661F9FE92D00C74B0D /* LaunchScreen.storyboard in Resources */,
				E5E47E631F9FE92D00C74B0D /* Assets.xcassets in Resources */,
				E5E47E611F9FE92D00C74B0D /* Main.storyboard in Resources */,
			);
			runOnlyForDeploymentPostprocessing = 0;
		};
		E5E47E6A1F9FE92D00C74B0D /* Resources */ = {
			isa = PBXResourcesBuildPhase;
			buildActionMask = 2147483647;
			files = (
			);
			runOnlyForDeploymentPostprocessing = 0;
		};
		E5E47E751F9FE92D00C74B0D /* Resources */ = {
			isa = PBXResourcesBuildPhase;
			buildActionMask = 2147483647;
			files = (
			);
			runOnlyForDeploymentPostprocessing = 0;
		};
/* End PBXResourcesBuildPhase section */

/* Begin PBXSourcesBuildPhase section */
		E5E47E521F9FE92D00C74B0D /* Sources */ = {
			isa = PBXSourcesBuildPhase;
			buildActionMask = 2147483647;
			files = (
				E5E47E5E1F9FE92D00C74B0D /* SecondViewController.swift in Sources */,
				E5E47E5A1F9FE92D00C74B0D /* AppDelegate.swift in Sources */,
				E5E47E5C1F9FE92D00C74B0D /* FirstViewController.swift in Sources */,
			);
			runOnlyForDeploymentPostprocessing = 0;
		};
		E5E47E681F9FE92D00C74B0D /* Sources */ = {
			isa = PBXSourcesBuildPhase;
			buildActionMask = 2147483647;
			files = (
				E5E47E711F9FE92D00C74B0D /* LukerTests.swift in Sources */,
			);
			runOnlyForDeploymentPostprocessing = 0;
		};
		E5E47E731F9FE92D00C74B0D /* Sources */ = {
			isa = PBXSourcesBuildPhase;
			buildActionMask = 2147483647;
			files = (
				E5E47E7C1F9FE92D00C74B0D /* LukerUITests.swift in Sources */,
			);
			runOnlyForDeploymentPostprocessing = 0;
		};
/* End PBXSourcesBuildPhase section */

/* Begin PBXTargetDependency section */
		E5E47E6E1F9FE92D00C74B0D /* PBXTargetDependency */ = {
			isa = PBXTargetDependency;
			target = E5E47E551F9FE92D00C74B0D /* Luker */;
			targetProxy = E5E47E6D1F9FE92D00C74B0D /* PBXContainerItemProxy */;
		};
		E5E47E791F9FE92D00C74B0D /* PBXTargetDependency */ = {
			isa = PBXTargetDependency;
			target = E5E47E551F9FE92D00C74B0D /* Luker */;
			targetProxy = E5E47E781F9FE92D00C74B0D /* PBXContainerItemProxy */;
		};
/* End PBXTargetDependency section */

/* Begin PBXVariantGroup section */
		E5E47E5F1F9FE92D00C74B0D /* Main.storyboard */ = {
			isa = PBXVariantGroup;
			children = (
				E5E47E601F9FE92D00C74B0D /* Base */,
			);
			name = Main.storyboard;
			sourceTree = "<group>";
		};
		E5E47E641F9FE92D00C74B0D /* LaunchScreen.storyboard */ = {
			isa = PBXVariantGroup;
			children = (
				E5E47E651F9FE92D00C74B0D /* Base */,
			);
			name = LaunchScreen.storyboard;
			sourceTree = "<group>";
		};
/* End PBXVariantGroup section */

/* Begin XCBuildConfiguration section */
		E5E47E7E1F9FE92D00C74B0D /* Debug */ = {
			isa = XCBuildConfiguration;
			buildSettings = {
				ALWAYS_SEARCH_USER_PATHS = NO;
				CLANG_ANALYZER_NONNULL = YES;
				CLANG_CXX_LANGUAGE_STANDARD = "gnu++0x";
				CLANG_CXX_LIBRARY = "libc++";
				CLANG_ENABLE_MODULES = YES;
				CLANG_ENABLE_OBJC_ARC = YES;
				CLANG_WARN_BOOL_CONVERSION = YES;
				CLANG_WARN_CONSTANT_CONVERSION = YES;
				CLANG_WARN_DIRECT_OBJC_ISA_USAGE = YES_ERROR;
				CLANG_WARN_DOCUMENTATION_COMMENTS = YES;
				CLANG_WARN_EMPTY_BODY = YES;
				CLANG_WARN_ENUM_CONVERSION = YES;
				CLANG_WARN_INFINITE_RECURSION = YES;
				CLANG_WARN_INT_CONVERSION = YES;
				CLANG_WARN_OBJC_ROOT_CLASS = YES_ERROR;
				CLANG_WARN_SUSPICIOUS_MOVE = YES;
				CLANG_WARN_UNREACHABLE_CODE = YES;
				CLANG_WARN__DUPLICATE_METHOD_MATCH = YES;
				"CODE_SIGN_IDENTITY[sdk=iphoneos*]" = "iPhone Developer";
				COPY_PHASE_STRIP = NO;
				DEBUG_INFORMATION_FORMAT = dwarf;
				ENABLE_STRICT_OBJC_MSGSEND = YES;
				ENABLE_TESTABILITY = YES;
				GCC_C_LANGUAGE_STANDARD = gnu99;
				GCC_DYNAMIC_NO_PIC = NO;
				GCC_NO_COMMON_BLOCKS = YES;
				GCC_OPTIMIZATION_LEVEL = 0;
				GCC_PREPROCESSOR_DEFINITIONS = (
					"DEBUG=1",
					"$(inherited)",
				);
				GCC_WARN_64_TO_32_BIT_CONVERSION = YES;
				GCC_WARN_ABOUT_RETURN_TYPE = YES_ERROR;
				GCC_WARN_UNDECLARED_SELECTOR = YES;
				GCC_WARN_UNINITIALIZED_AUTOS = YES_AGGRESSIVE;
				GCC_WARN_UNUSED_FUNCTION = YES;
				GCC_WARN_UNUSED_VARIABLE = YES;
				IPHONEOS_DEPLOYMENT_TARGET = 10.2;
				MTL_ENABLE_DEBUG_INFO = YES;
				ONLY_ACTIVE_ARCH = YES;
				SDKROOT = iphoneos;
				SWIFT_ACTIVE_COMPILATION_CONDITIONS = DEBUG;
				SWIFT_OPTIMIZATION_LEVEL = "-Onone";
				TARGETED_DEVICE_FAMILY = "1,2";
			};
			name = Debug;
		};
		E5E47E7F1F9FE92D00C74B0D /* Release */ = {
			isa = XCBuildConfiguration;
			buildSettings = {
				ALWAYS_SEARCH_USER_PATHS = NO;
				CLANG_ANALYZER_NONNULL = YES;
				CLANG_CXX_LANGUAGE_STANDARD = "gnu++0x";
				CLANG_CXX_LIBRARY = "libc++";
				CLANG_ENABLE_MODULES = YES;
				CLANG_ENABLE_OBJC_ARC = YES;
				CLANG_WARN_BOOL_CONVERSION = YES;
				CLANG_WARN_CONSTANT_CONVERSION = YES;
				CLANG_WARN_DIRECT_OBJC_ISA_USAGE = YES_ERROR;
				CLANG_WARN_DOCUMENTATION_COMMENTS = YES;
				CLANG_WARN_EMPTY_BODY = YES;
				CLANG_WARN_ENUM_CONVERSION = YES;
				CLANG_WARN_INFINITE_RECURSION = YES;
				CLANG_WARN_INT_CONVERSION = YES;
				CLANG_WARN_OBJC_ROOT_CLASS = YES_ERROR;
				CLANG_WARN_SUSPICIOUS_MOVE = YES;
				CLANG_WARN_UNREACHABLE_CODE = YES;
				CLANG_WARN__DUPLICATE_METHOD_MATCH = YES;
				"CODE_SIGN_IDENTITY[sdk=iphoneos*]" = "iPhone Developer";
				COPY_PHASE_STRIP = NO;
				DEBUG_INFORMATION_FORMAT = "dwarf-with-dsym";
				ENABLE_NS_ASSERTIONS = NO;
				ENABLE_STRICT_OBJC_MSGSEND = YES;
				GCC_C_LANGUAGE_STANDARD = gnu99;
				GCC_NO_COMMON_BLOCKS = YES;
				GCC_WARN_64_TO_32_BIT_CONVERSION = YES;
				GCC_WARN_ABOUT_RETURN_TYPE = YES_ERROR;
				GCC_WARN_UNDECLARED_SELECTOR = YES;
				GCC_WARN_UNINITIALIZED_AUTOS = YES_AGGRESSIVE;
				GCC_WARN_UNUSED_FUNCTION = YES;
				GCC_WARN_UNUSED_VARIABLE = YES;
				IPHONEOS_DEPLOYMENT_TARGET = 10.2;
				MTL_ENABLE_DEBUG_INFO = NO;
				SDKROOT = iphoneos;
				SWIFT_OPTIMIZATION_LEVEL = "-Owholemodule";
				TARGETED_DEVICE_FAMILY = "1,2";
				VALIDATE_PRODUCT = YES;
			};
			name = Release;
		};
		E5E47E811F9FE92D00C74B0D /* Debug */ = {
			isa = XCBuildConfiguration;
			buildSettings = {
				ASSETCATALOG_COMPILER_APPICON_NAME = AppIcon;
				INFOPLIST_FILE = Luker/Info.plist;
				LD_RUNPATH_SEARCH_PATHS = "$(inherited) @executable_path/Frameworks";
				PRODUCT_BUNDLE_IDENTIFIER = limo.Luker;
				PRODUCT_NAME = "$(TARGET_NAME)";
				SWIFT_VERSION = 3.0;
			};
			name = Debug;
		};
		E5E47E821F9FE92D00C74B0D /* Release */ = {
			isa = XCBuildConfiguration;
			buildSettings = {
				ASSETCATALOG_COMPILER_APPICON_NAME = AppIcon;
				INFOPLIST_FILE = Luker/Info.plist;
				LD_RUNPATH_SEARCH_PATHS = "$(inherited) @executable_path/Frameworks";
				PRODUCT_BUNDLE_IDENTIFIER = limo.Luker;
				PRODUCT_NAME = "$(TARGET_NAME)";
				SWIFT_VERSION = 3.0;
			};
			name = Release;
		};
		E5E47E841F9FE92D00C74B0D /* Debug */ = {
			isa = XCBuildConfiguration;
			buildSettings = {
				ALWAYS_EMBED_SWIFT_STANDARD_LIBRARIES = YES;
				BUNDLE_LOADER = "$(TEST_HOST)";
				INFOPLIST_FILE = LukerTests/Info.plist;
				LD_RUNPATH_SEARCH_PATHS = "$(inherited) @executable_path/Frameworks @loader_path/Frameworks";
				PRODUCT_BUNDLE_IDENTIFIER = limo.LukerTests;
				PRODUCT_NAME = "$(TARGET_NAME)";
				SWIFT_VERSION = 3.0;
				TEST_HOST = "$(BUILT_PRODUCTS_DIR)/Luker.app/Luker";
			};
			name = Debug;
		};
		E5E47E851F9FE92D00C74B0D /* Release */ = {
			isa = XCBuildConfiguration;
			buildSettings = {
				ALWAYS_EMBED_SWIFT_STANDARD_LIBRARIES = YES;
				BUNDLE_LOADER = "$(TEST_HOST)";
				INFOPLIST_FILE = LukerTests/Info.plist;
				LD_RUNPATH_SEARCH_PATHS = "$(inherited) @executable_path/Frameworks @loader_path/Frameworks";
				PRODUCT_BUNDLE_IDENTIFIER = limo.LukerTests;
				PRODUCT_NAME = "$(TARGET_NAME)";
				SWIFT_VERSION = 3.0;
				TEST_HOST = "$(BUILT_PRODUCTS_DIR)/Luker.app/Luker";
			};
			name = Release;
		};
		E5E47E871F9FE92D00C74B0D /* Debug */ = {
			isa = XCBuildConfiguration;
			buildSettings = {
				ALWAYS_EMBED_SWIFT_STANDARD_LIBRARIES = YES;
				INFOPLIST_FILE = LukerUITests/Info.plist;
				LD_RUNPATH_SEARCH_PATHS = "$(inherited) @executable_path/Frameworks @loader_path/Frameworks";
				PRODUCT_BUNDLE_IDENTIFIER = limo.LukerUITests;
				PRODUCT_NAME = "$(TARGET_NAME)";
				SWIFT_VERSION = 3.0;
				TEST_TARGET_NAME = Luker;
			};
			name = Debug;
		};
		E5E47E881F9FE92D00C74B0D /* Release */ = {
			isa = XCBuildConfiguration;
			buildSettings = {
				ALWAYS_EMBED_SWIFT_STANDARD_LIBRARIES = YES;
				INFOPLIST_FILE = LukerUITests/Info.plist;
				LD_RUNPATH_SEARCH_PATHS = "$(inherited) @executable_path/Frameworks @loader_path/Frameworks";
				PRODUCT_BUNDLE_IDENTIFIER = limo.LukerUITests;
				PRODUCT_NAME = "$(TARGET_NAME)";
				SWIFT_VERSION = 3.0;
				TEST_TARGET_NAME = Luker;
			};
			name = Release;
		};
/* End XCBuildConfiguration section */

/* Begin XCConfigurationList section */
		E5E47E511F9FE92D00C74B0D /* Build configuration list for PBXProject "Luker" */ = {
			isa = XCConfigurationList;
			buildConfigurations = (
				E5E47E7E1F9FE92D00C74B0D /* Debug */,
				E5E47E7F1F9FE92D00C74B0D /* Release */,
			);
			defaultConfigurationIsVisible = 0;
			defaultConfigurationName = Release;
		};
		E5E47E801F9FE92D00C74B0D /* Build configuration list for PBXNativeTarget "Luker" */ = {
			isa = XCConfigurationList;
			buildConfigurations = (
				E5E47E811F9FE92D00C74B0D /* Debug */,
				E5E47E821F9FE92D00C74B0D /* Release */,
			);
			defaultConfigurationIsVisible = 0;
		};
		E5E47E831F9FE92D00C74B0D /* Build configuration list for PBXNativeTarget "LukerTests" */ = {
			isa = XCConfigurationList;
			buildConfigurations = (
				E5E47E841F9FE92D00C74B0D /* Debug */,
				E5E47E851F9FE92D00C74B0D /* Release */,
			);
			defaultConfigurationIsVisible = 0;
		};
		E5E47E861F9FE92D00C74B0D /* Build configuration list for PBXNativeTarget "LukerUITests" */ = {
			isa = XCConfigurationList;
			buildConfigurations = (
				E5E47E871F9FE92D00C74B0D /* Debug */,
				E5E47E881F9FE92D00C74B0D /* Release */,
			);
			defaultConfigurationIsVisible = 0;
		};
/* End XCConfigurationList section */
	};
	rootObject = E5E47E4E1F9FE92D00C74B0D /* Project object */;
}
